
Microsoft Visual Studio Solution File, Format Version 12.00
# Visual Studio 15
VisualStudioVersion = 15.0.28010.2016
MinimumVisualStudioVersion = 10.0.40219.1
Project("{FAE04EC0-301F-11D3-BF4B-00C04F79EFBC}") = "10.03_OverRideSystemObject", "10.03_OverRideSystemObject\10.03_OverRideSystemObject.csproj", "{ED275686-DBD8-413C-938D-B6B083CC8DA7}"
EndProject
Global
	GlobalSection(SolutionConfigurationPlatforms) = preSolution
		Debug|Any CPU = Debug|Any CPU
		Release|Any CPU = Release|Any CPU
	EndGlobalSection
	GlobalSection(ProjectConfigurationPlatforms) = postSolution
		{ED275686-DBD8-413C-938D-B6B083CC8DA7}.Debug|Any CPU.ActiveCfg = Debug|Any CPU
		{ED275686-DBD8-413C-938D-B6B083CC8DA7}.Debug|Any CPU.Build.0 = Debug|Any CPU
		{ED275686-DBD8-413C-938D-B6B083CC8DA7}.Release|Any CPU.ActiveCfg = Release|Any CPU
		{ED275686-DBD8-413C-938D-B6B083CC8DA7}.Release|Any CPU.Build.0 = Release|Any CPU
	EndGlobalSection
	GlobalSection(SolutionProperties) = preSolution
		HideSolutionNode = FALSE
	EndGlobalSection
	GlobalSection(ExtensibilityGlobals) = postSolution
		SolutionGuid = {4347790C-21DD-49FB-B90F-190ED5C8568C}
	EndGlobalSection
EndGlobal
